
Microsoft Visual Studio Solution File, Format Version 12.00
# Visual Studio Version 16
VisualStudioVersion = 16.0.28917.182
MinimumVisualStudioVersion = 10.0.40219.1
Project("{2150E333-8FDC-42A3-9474-1A3956D46DE8}") = "Dll", "Dll", "{B1D807AC-5E95-49CE-9067-54DB6AF5B185}"
EndProject
Project("{2150E333-8FDC-42A3-9474-1A3956D46DE8}") = "TestFile", "TestFile", "{5C21A681-A1AE-49CD-A9DB-8510B993FC20}"
	ProjectSection(SolutionItems) = preProject
		TestFile\1.jpg = TestFile\1.jpg
	EndProjectSection
EndProject
Project("{2150E333-8FDC-42A3-9474-1A3956D46DE8}") = "ResultFile", "ResultFile", "{D8BBE451-9888-4E3C-9847-337E28F3B510}"
EndProject
Project("{9A19103F-16F7-4668-BE54-9A1E7A4F7556}") = "TODOTest", "TODOTest\TODOTest.csproj", "{D60FCEB5-52BE-406F-BC7E-E663532623F0}"
EndProject
Project("{9A19103F-16F7-4668-BE54-9A1E7A4F7556}") = "TODOIT", "TODOIT\TODOIT.csproj", "{3AA2F2A0-932F-464A-9AA8-1277F3EF9241}"
EndProject
Project("{9A19103F-16F7-4668-BE54-9A1E7A4F7556}") = "GraphQlHelper", "..\..\Helper\GraphQlHelper\GraphQlHelper.csproj", "{1B374912-E0E8-4686-A7DB-5451A8266177}"
EndProject
Project("{9A19103F-16F7-4668-BE54-9A1E7A4F7556}") = "MvcHelper", "..\..\Helper\General\MvcHelper\MvcHelper.csproj", "{C97CF744-F692-493D-BD44-399B4C81F2CD}"
EndProject
Project("{9A19103F-16F7-4668-BE54-9A1E7A4F7556}") = "FileHelper", "..\..\Helper\General\FileHelper\FileHelper.csproj", "{F51150DA-4C3D-4741-B582-CCCBE3223AB6}"
EndProject
Project("{9A19103F-16F7-4668-BE54-9A1E7A4F7556}") = "MultiLanguage", "..\..\Helper\General\MultiLanguage\MultiLanguage.csproj", "{9F3E3891-8E3E-4C47-B964-B07E8767D728}"
EndProject
Project("{2150E333-8FDC-42A3-9474-1A3956D46DE8}") = "General", "General", "{97216E4B-50B9-4833-9DCC-28A959280D46}"
EndProject
Project("{2150E333-8FDC-42A3-9474-1A3956D46DE8}") = "GraphQl", "GraphQl", "{2A78C0AE-7782-4510-B2F6-C7E446CC3B71}"
EndProject
Project("{9A19103F-16F7-4668-BE54-9A1E7A4F7556}") = "GraphQL", "..\..\GraphQl\Main\src\GraphQL\GraphQL.csproj", "{B230EBD6-C0E0-471F-B487-2F242298B771}"
EndProject
Project("{9A19103F-16F7-4668-BE54-9A1E7A4F7556}") = "Authorization.AspNetCore", "..\..\GraphQl\Server\src\Authorization.AspNetCore\Authorization.AspNetCore.csproj", "{C32E5AE3-7A30-4ADA-B9E0-B8DA997AB7D4}"
EndProject
Project("{9A19103F-16F7-4668-BE54-9A1E7A4F7556}") = "Transports.AspNetCore", "..\..\GraphQl\Server\src\Transports.AspNetCore\Transports.AspNetCore.csproj", "{1294F440-C76D-4E3A-B80D-CB92EC1B415F}"
EndProject
Project("{9A19103F-16F7-4668-BE54-9A1E7A4F7556}") = "Ui.Playground", "..\..\GraphQl\Server\src\Ui.Playground\Ui.Playground.csproj", "{3A2E462E-B0BE-460B-9BC1-A35A5F077A8D}"
EndProject
Project("{9A19103F-16F7-4668-BE54-9A1E7A4F7556}") = "Ui.Altair", "..\..\GraphQl\Server\src\Ui.Altair\Ui.Altair.csproj", "{F66A4E05-BBC1-4AAD-849B-71AF6952A910}"
EndProject
Project("{9A19103F-16F7-4668-BE54-9A1E7A4F7556}") = "Transports.AspNetCore.SystemTextJson", "..\..\GraphQl\Server\src\Transports.AspNetCore.SystemTextJson\Transports.AspNetCore.SystemTextJson.csproj", "{F31C42F9-DBF3-4A12-AB05-B3240964F43F}"
EndProject
Project("{9A19103F-16F7-4668-BE54-9A1E7A4F7556}") = "Core", "..\..\GraphQl\Server\src\Core\Core.csproj", "{8B95A131-50EA-4E38-84CC-DCE07B65FCF8}"
EndProject
Project("{9A19103F-16F7-4668-BE54-9A1E7A4F7556}") = "Facebook", "..\..\Helper\AuthenticateHelper\AuthenticateHelper\Facebook.csproj", "{7AF60520-BB67-42BD-8937-F24190077B80}"
EndProject
Global
	GlobalSection(SolutionConfigurationPlatforms) = preSolution
		Debug|Any CPU = Debug|Any CPU
		Release|Any CPU = Release|Any CPU
	EndGlobalSection
	GlobalSection(ProjectConfigurationPlatforms) = postSolution
		{D60FCEB5-52BE-406F-BC7E-E663532623F0}.Debug|Any CPU.ActiveCfg = Debug|Any CPU
		{D60FCEB5-52BE-406F-BC7E-E663532623F0}.Debug|Any CPU.Build.0 = Debug|Any CPU
		{D60FCEB5-52BE-406F-BC7E-E663532623F0}.Release|Any CPU.ActiveCfg = Release|Any CPU
		{D60FCEB5-52BE-406F-BC7E-E663532623F0}.Release|Any CPU.Build.0 = Release|Any CPU
		{3AA2F2A0-932F-464A-9AA8-1277F3EF9241}.Debug|Any CPU.ActiveCfg = Debug|Any CPU
		{3AA2F2A0-932F-464A-9AA8-1277F3EF9241}.Debug|Any CPU.Build.0 = Debug|Any CPU
		{3AA2F2A0-932F-464A-9AA8-1277F3EF9241}.Release|Any CPU.ActiveCfg = Release|Any CPU
		{3AA2F2A0-932F-464A-9AA8-1277F3EF9241}.Release|Any CPU.Build.0 = Release|Any CPU
		{1B374912-E0E8-4686-A7DB-5451A8266177}.Debug|Any CPU.ActiveCfg = Debug|Any CPU
		{1B374912-E0E8-4686-A7DB-5451A8266177}.Debug|Any CPU.Build.0 = Debug|Any CPU
		{1B374912-E0E8-4686-A7DB-5451A8266177}.Release|Any CPU.ActiveCfg = Release|Any CPU
		{1B374912-E0E8-4686-A7DB-5451A8266177}.Release|Any CPU.Build.0 = Release|Any CPU
		{C97CF744-F692-493D-BD44-399B4C81F2CD}.Debug|Any CPU.ActiveCfg = Debug|Any CPU
		{C97CF744-F692-493D-BD44-399B4C81F2CD}.Debug|Any CPU.Build.0 = Debug|Any CPU
		{C97CF744-F692-493D-BD44-399B4C81F2CD}.Release|Any CPU.ActiveCfg = Release|Any CPU
		{C97CF744-F692-493D-BD44-399B4C81F2CD}.Release|Any CPU.Build.0 = Release|Any CPU
		{F51150DA-4C3D-4741-B582-CCCBE3223AB6}.Debug|Any CPU.ActiveCfg = Debug|Any CPU
		{F51150DA-4C3D-4741-B582-CCCBE3223AB6}.Debug|Any CPU.Build.0 = Debug|Any CPU
		{F51150DA-4C3D-4741-B582-CCCBE3223AB6}.Release|Any CPU.ActiveCfg = Release|Any CPU
		{F51150DA-4C3D-4741-B582-CCCBE3223AB6}.Release|Any CPU.Build.0 = Release|Any CPU
		{9F3E3891-8E3E-4C47-B964-B07E8767D728}.Debug|Any CPU.ActiveCfg = Debug|Any CPU
		{9F3E3891-8E3E-4C47-B964-B07E8767D728}.Debug|Any CPU.Build.0 = Debug|Any CPU
		{9F3E3891-8E3E-4C47-B964-B07E8767D728}.Release|Any CPU.ActiveCfg = Release|Any CPU
		{9F3E3891-8E3E-4C47-B964-B07E8767D728}.Release|Any CPU.Build.0 = Release|Any CPU
		{B230EBD6-C0E0-471F-B487-2F242298B771}.Debug|Any CPU.ActiveCfg = Debug|Any CPU
		{B230EBD6-C0E0-471F-B487-2F242298B771}.Debug|Any CPU.Build.0 = Debug|Any CPU
		{B230EBD6-C0E0-471F-B487-2F242298B771}.Release|Any CPU.ActiveCfg = Release|Any CPU
		{B230EBD6-C0E0-471F-B487-2F242298B771}.Release|Any CPU.Build.0 = Release|Any CPU
		{C32E5AE3-7A30-4ADA-B9E0-B8DA997AB7D4}.Debug|Any CPU.ActiveCfg = Debug|Any CPU
		{C32E5AE3-7A30-4ADA-B9E0-B8DA997AB7D4}.Debug|Any CPU.Build.0 = Debug|Any CPU
		{C32E5AE3-7A30-4ADA-B9E0-B8DA997AB7D4}.Release|Any CPU.ActiveCfg = Release|Any CPU
		{C32E5AE3-7A30-4ADA-B9E0-B8DA997AB7D4}.Release|Any CPU.Build.0 = Release|Any CPU
		{1294F440-C76D-4E3A-B80D-CB92EC1B415F}.Debug|Any CPU.ActiveCfg = Debug|Any CPU
		{1294F440-C76D-4E3A-B80D-CB92EC1B415F}.Debug|Any CPU.Build.0 = Debug|Any CPU
		{1294F440-C76D-4E3A-B80D-CB92EC1B415F}.Release|Any CPU.ActiveCfg = Release|Any CPU
		{1294F440-C76D-4E3A-B80D-CB92EC1B415F}.Release|Any CPU.Build.0 = Release|Any CPU
		{3A2E462E-B0BE-460B-9BC1-A35A5F077A8D}.Debug|Any CPU.ActiveCfg = Debug|Any CPU
		{3A2E462E-B0BE-460B-9BC1-A35A5F077A8D}.Debug|Any CPU.Build.0 = Debug|Any CPU
		{3A2E462E-B0BE-460B-9BC1-A35A5F077A8D}.Release|Any CPU.ActiveCfg = Release|Any CPU
		{3A2E462E-B0BE-460B-9BC1-A35A5F077A8D}.Release|Any CPU.Build.0 = Release|Any CPU
		{F66A4E05-BBC1-4AAD-849B-71AF6952A910}.Debug|Any CPU.ActiveCfg = Debug|Any CPU
		{F66A4E05-BBC1-4AAD-849B-71AF6952A910}.Debug|Any CPU.Build.0 = Debug|Any CPU
		{F66A4E05-BBC1-4AAD-849B-71AF6952A910}.Release|Any CPU.ActiveCfg = Release|Any CPU
		{F66A4E05-BBC1-4AAD-849B-71AF6952A910}.Release|Any CPU.Build.0 = Release|Any CPU
		{F31C42F9-DBF3-4A12-AB05-B3240964F43F}.Debug|Any CPU.ActiveCfg = Debug|Any CPU
		{F31C42F9-DBF3-4A12-AB05-B3240964F43F}.Debug|Any CPU.Build.0 = Debug|Any CPU
		{F31C42F9-DBF3-4A12-AB05-B3240964F43F}.Release|Any CPU.ActiveCfg = Release|Any CPU
		{F31C42F9-DBF3-4A12-AB05-B3240964F43F}.Release|Any CPU.Build.0 = Release|Any CPU
		{8B95A131-50EA-4E38-84CC-DCE07B65FCF8}.Debug|Any CPU.ActiveCfg = Debug|Any CPU
		{8B95A131-50EA-4E38-84CC-DCE07B65FCF8}.Debug|Any CPU.Build.0 = Debug|Any CPU
		{8B95A131-50EA-4E38-84CC-DCE07B65FCF8}.Release|Any CPU.ActiveCfg = Release|Any CPU
		{8B95A131-50EA-4E38-84CC-DCE07B65FCF8}.Release|Any CPU.Build.0 = Release|Any CPU
		{7AF60520-BB67-42BD-8937-F24190077B80}.Debug|Any CPU.ActiveCfg = Debug|Any CPU
		{7AF60520-BB67-42BD-8937-F24190077B80}.Debug|Any CPU.Build.0 = Debug|Any CPU
		{7AF60520-BB67-42BD-8937-F24190077B80}.Release|Any CPU.ActiveCfg = Release|Any CPU
		{7AF60520-BB67-42BD-8937-F24190077B80}.Release|Any CPU.Build.0 = Release|Any CPU
	EndGlobalSection
	GlobalSection(SolutionProperties) = preSolution
		HideSolutionNode = FALSE
	EndGlobalSection
	GlobalSection(NestedProjects) = preSolution
		{D8BBE451-9888-4E3C-9847-337E28F3B510} = {5C21A681-A1AE-49CD-A9DB-8510B993FC20}
		{1B374912-E0E8-4686-A7DB-5451A8266177} = {2A78C0AE-7782-4510-B2F6-C7E446CC3B71}
		{C97CF744-F692-493D-BD44-399B4C81F2CD} = {97216E4B-50B9-4833-9DCC-28A959280D46}
		{F51150DA-4C3D-4741-B582-CCCBE3223AB6} = {97216E4B-50B9-4833-9DCC-28A959280D46}
		{9F3E3891-8E3E-4C47-B964-B07E8767D728} = {97216E4B-50B9-4833-9DCC-28A959280D46}
		{97216E4B-50B9-4833-9DCC-28A959280D46} = {B1D807AC-5E95-49CE-9067-54DB6AF5B185}
		{2A78C0AE-7782-4510-B2F6-C7E446CC3B71} = {B1D807AC-5E95-49CE-9067-54DB6AF5B185}
		{B230EBD6-C0E0-471F-B487-2F242298B771} = {2A78C0AE-7782-4510-B2F6-C7E446CC3B71}
		{C32E5AE3-7A30-4ADA-B9E0-B8DA997AB7D4} = {2A78C0AE-7782-4510-B2F6-C7E446CC3B71}
		{1294F440-C76D-4E3A-B80D-CB92EC1B415F} = {2A78C0AE-7782-4510-B2F6-C7E446CC3B71}
		{3A2E462E-B0BE-460B-9BC1-A35A5F077A8D} = {2A78C0AE-7782-4510-B2F6-C7E446CC3B71}
		{F66A4E05-BBC1-4AAD-849B-71AF6952A910} = {2A78C0AE-7782-4510-B2F6-C7E446CC3B71}
		{F31C42F9-DBF3-4A12-AB05-B3240964F43F} = {2A78C0AE-7782-4510-B2F6-C7E446CC3B71}
		{8B95A131-50EA-4E38-84CC-DCE07B65FCF8} = {2A78C0AE-7782-4510-B2F6-C7E446CC3B71}
		{7AF60520-BB67-42BD-8937-F24190077B80} = {B1D807AC-5E95-49CE-9067-54DB6AF5B185}
	EndGlobalSection
	GlobalSection(ExtensibilityGlobals) = postSolution
		SolutionGuid = {3609B427-6B75-48B5-B607-BCDF8D85981B}
	EndGlobalSection
EndGlobal
